
Microsoft Visual Studio Solution File, Format Version 12.00
# Visual Studio Version 17
VisualStudioVersion = 17.12.35527.113
MinimumVisualStudioVersion = 10.0.40219.1
Project("{FAE04EC0-301F-11D3-BF4B-00C04F79EFBC}") = "FirstProject", "FirstProject\FirstProject.csproj", "{43699DBF-82FD-4568-9636-101D01200B42}"
EndProject
Project("{FAE04EC0-301F-11D3-BF4B-00C04F79EFBC}") = "SecondProject", "SecondProject\SecondProject.csproj", "{572F3880-F010-42B2-8E12-17C626885E9F}"
EndProject
Project("{FAE04EC0-301F-11D3-BF4B-00C04F79EFBC}") = "FirstDegree", "FirstDegree\FirstDegree.csproj", "{D01CB698-42D8-4BAD-ABC7-09BE49800679}"
EndProject
Project("{FAE04EC0-301F-11D3-BF4B-00C04F79EFBC}") = "QuadracticEquation", "QuadracticEquation\QuadracticEquation.csproj", "{95520C9B-F80D-435A-A1B0-CB21F758445B}"
EndProject
Project("{FAE04EC0-301F-11D3-BF4B-00C04F79EFBC}") = "StringInteraction", "StringInteraction\StringInteraction.csproj", "{4725A74B-1C29-4627-B137-7E489F01A91E}"
EndProject
Project("{FAE04EC0-301F-11D3-BF4B-00C04F79EFBC}") = "SimpleMath", "SimpleMath\SimpleMath.csproj", "{FEBAC057-E401-4300-9ADE-DEB5BCDB0B2F}"
EndProject
Project("{FAE04EC0-301F-11D3-BF4B-00C04F79EFBC}") = "RefAndOutSample", "RefAndOutSample\RefAndOutSample.csproj", "{20674665-D6C0-47D6-8008-64FD977B79C7}"
EndProject
Project("{FAE04EC0-301F-11D3-BF4B-00C04F79EFBC}") = "TryParseSample", "TryParseSample\TryParseSample.csproj", "{61DC8605-6CAD-4433-948E-56B465A26D5D}"
EndProject
Project("{FAE04EC0-301F-11D3-BF4B-00C04F79EFBC}") = "ParamSample", "ParamSample\ParamSample.csproj", "{12E8007A-4B4E-4396-A0EB-BDD939E583F4}"
EndProject
Project("{FAE04EC0-301F-11D3-BF4B-00C04F79EFBC}") = "TupleSample", "TupleSample\TupleSample.csproj", "{BB149DBE-4F55-447B-A58C-35197199C834}"
EndProject
Project("{FAE04EC0-301F-11D3-BF4B-00C04F79EFBC}") = "NestedLoop_Sort", "NestedLoop_Sort\NestedLoop_Sort.csproj", "{AF10F930-8026-4C99-BA4B-FCDD9C7DDA41}"
EndProject
Project("{FAE04EC0-301F-11D3-BF4B-00C04F79EFBC}") = "NestedLoop_Shape", "NestedLoop_Shape\NestedLoop_Shape.csproj", "{05065C57-EE9E-4289-BAFD-B11B1DBF35CF}"
EndProject
Project("{FAE04EC0-301F-11D3-BF4B-00C04F79EFBC}") = "OOP2", "OOP2\OOP2.csproj", "{67310938-2304-452E-915E-9D6046E0998A}"
EndProject
Project("{FAE04EC0-301F-11D3-BF4B-00C04F79EFBC}") = "OOP3_ExtensionMethod", "OOP3\OOP3_ExtensionMethod.csproj", "{E1EC6F20-4B7F-4320-A18E-D405D84A850A}"
EndProject
Project("{FAE04EC0-301F-11D3-BF4B-00C04F79EFBC}") = "OOP4_Reuse_OOP2", "OOP4_Reuse_OOP2\OOP4_Reuse_OOP2.csproj", "{33A72701-BBD1-4E00-8FCE-519E02B66D4E}"
EndProject
Project("{FAE04EC0-301F-11D3-BF4B-00C04F79EFBC}") = "OOP5_Generic_List", "OOP5_GenericList\OOP5_Generic_List.csproj", "{3C604DD7-C172-4A17-8A17-75B9A59F27A6}"
EndProject
Project("{FAE04EC0-301F-11D3-BF4B-00C04F79EFBC}") = "OOP6_Dictionary", "OOP6_Dictionary\OOP6_Dictionary.csproj", "{9C49E5DA-2C74-4B70-AB32-6691F91C5B37}"
EndProject
Project("{2150E333-8FDC-42A3-9474-1A3956D46DE8}") = "Chapter5", "Chapter5", "{02EA681E-C7D8-13C7-8484-4AC65E1B71E8}"
EndProject
Project("{FAE04EC0-301F-11D3-BF4B-00C04F79EFBC}") = "BuilderPattern", "BuilderPattern\BuilderPattern.csproj", "{044DE341-433F-5702-4D82-2BB3FD3832E3}"
EndProject
Project("{FAE04EC0-301F-11D3-BF4B-00C04F79EFBC}") = "FactoriesPattern", "FactoriesPattern\FactoriesPattern.csproj", "{15ADFCBE-9B56-7B0A-7AE5-771D29B1F4C9}"
EndProject
Project("{FAE04EC0-301F-11D3-BF4B-00C04F79EFBC}") = "ObserverPattern", "ObserverPattern\ObserverPattern.csproj", "{FEBF851F-917B-C45E-D2B8-7873FE9FDB40}"
EndProject
Project("{FAE04EC0-301F-11D3-BF4B-00C04F79EFBC}") = "PrototypePattern", "PrototypePattern\PrototypePattern.csproj", "{92C92FD4-253A-352A-CA1D-8ACA5E5F3868}"
EndProject
Project("{FAE04EC0-301F-11D3-BF4B-00C04F79EFBC}") = "SingletonPattern", "SingletonPattern\SingletonPattern.csproj", "{FABC0CC8-7E79-3D9B-8D56-17C4207BB104}"
EndProject
Project("{FAE04EC0-301F-11D3-BF4B-00C04F79EFBC}") = "DemoAliasClone", "DemoAliasClone\DemoAliasClone.csproj", "{59C163FF-D6A9-4FEE-89A1-B05BC34D3078}"
EndProject
Project("{2150E333-8FDC-42A3-9474-1A3956D46DE8}") = "Chapter6", "Chapter6", "{6099BC6B-02A6-4EB9-A5B8-E7E1D1964D58}"
EndProject
Project("{FAE04EC0-301F-11D3-BF4B-00C04F79EFBC}") = "DemoDelegate", "DemoDeligate\DemoDelegate.csproj", "{E6D26AFA-FD81-4D66-9FE6-EB77ED590F18}"
EndProject
Project("{FAE04EC0-301F-11D3-BF4B-00C04F79EFBC}") = "DemoLINQ2Object", "DemoLINQ2Object\DemoLINQ2Object.csproj", "{C70B2EA5-CA31-40F3-B94D-FE10273073B8}"
EndProject
Project("{FAE04EC0-301F-11D3-BF4B-00C04F79EFBC}") = "DemoLINQ2ObjectModelClass", "DemoLINQ2ObjectModelClass\DemoLINQ2ObjectModelClass.csproj", "{5E1C59BB-B492-47A6-8C58-314BC678BB3F}"
EndProject
Project("{FAE04EC0-301F-11D3-BF4B-00C04F79EFBC}") = "DemoLINQ2SQL", "DemoLINQ2SQL\DemoLINQ2SQL.csproj", "{B90849BD-6967-49B0-B59F-CDB5EAD1B96C}"
EndProject
Project("{FAE04EC0-301F-11D3-BF4B-00C04F79EFBC}") = "Lucy_SalesDataManagement", "Lucy_SalesDataManagement\Lucy_SalesDataManagement.csproj", "{CD07EC6A-F5CE-4B15-9E11-90A0D114BC02}"
EndProject
Project("{2150E333-8FDC-42A3-9474-1A3956D46DE8}") = "Chapter 7", "Chapter 7", "{A68CB01B-B93E-4FA8-8635-19CDD8A3A65D}"
EndProject
Project("{FAE04EC0-301F-11D3-BF4B-00C04F79EFBC}") = "HelloWpfApp", "HelloWpfApp\HelloWpfApp.csproj", "{886179F5-22B3-44DA-B1EB-75939A60BB30}"
EndProject
Project("{FAE04EC0-301F-11D3-BF4B-00C04F79EFBC}") = "BaiTapCoBan1", "ButtonControl_TongHop\BaiTapCoBan1.csproj", "{0E0EC7A4-5D36-4AF8-A7A6-ECF1A6729DF4}"
EndProject
Project("{FAE04EC0-301F-11D3-BF4B-00C04F79EFBC}") = "BaiTap_CheckBox", "BaiTap_CheckBox\BaiTap_CheckBox.csproj", "{A7BC3118-665A-4C50-AF0F-B8BE577D3FC8}"
EndProject
Project("{FAE04EC0-301F-11D3-BF4B-00C04F79EFBC}") = "ListWpf", "ListWpf\ListWpf.csproj", "{13AE6752-6448-4DB7-9174-9046F8D1FA80}"
EndProject
Project("{FAE04EC0-301F-11D3-BF4B-00C04F79EFBC}") = "RadioButton", "RadioButton\RadioButton.csproj", "{A70B655C-4C96-4414-8679-947B0619F55A}"
EndProject
Project("{2150E333-8FDC-42A3-9474-1A3956D46DE8}") = "Chapter7_MultiTier", "Chapter7_MultiTier", "{6466B63A-DBA6-4865-812E-6C8488BA7F02}"
EndProject
Project("{FAE04EC0-301F-11D3-BF4B-00C04F79EFBC}") = "BussinessObjects", "BussinessObject\BussinessObjects.csproj", "{F8FBDBF2-C37B-433D-9120-D4EEF27C5756}"
EndProject
Project("{FAE04EC0-301F-11D3-BF4B-00C04F79EFBC}") = "DataAccessLayer", "DataAccessLayer\DataAccessLayer.csproj", "{7BF14F7D-8FE8-4F39-90A0-DC1E7FE55DD1}"
EndProject
Project("{FAE04EC0-301F-11D3-BF4B-00C04F79EFBC}") = "Repositories", "Repositories\Repositories.csproj", "{8541A17D-3C8C-4E30-B4AD-DB0EAC9B0F60}"
EndProject
Project("{FAE04EC0-301F-11D3-BF4B-00C04F79EFBC}") = "Services", "Services\Services.csproj", "{131E156D-17C5-4F53-9293-59D9BB55A670}"
EndProject
Project("{FAE04EC0-301F-11D3-BF4B-00C04F79EFBC}") = "WpfApp", "WpfApp\WpfApp.csproj", "{C449B512-839A-4DAE-81DA-CE930EFB81D7}"
EndProject
Project("{2150E333-8FDC-42A3-9474-1A3956D46DE8}") = "Chapter7_TreeView", "Chapter7_TreeView", "{CA193BDF-E9DC-491C-BE59-15E06C6C0F0E}"
EndProject
Project("{FAE04EC0-301F-11D3-BF4B-00C04F79EFBC}") = "TreeViewWpfApp", "TreeViewWpfApp\TreeViewWpfApp.csproj", "{243AD210-4FA5-4481-AA00-E60CF331A0FA}"
EndProject
Project("{2150E333-8FDC-42A3-9474-1A3956D46DE8}") = "Chapter8", "Chapter8", "{1F17B9F4-76BF-480E-804A-FDD604150B56}"
EndProject
Project("{FAE04EC0-301F-11D3-BF4B-00C04F79EFBC}") = "MyStoreWpfApp_EntityFrameWork", "MyStoreWpfApp_EntityFrameWork\MyStoreWpfApp_EntityFrameWork.csproj", "{6A19F84D-3775-4068-8D0B-D018C63BED6C}"
EndProject
Global
	GlobalSection(SolutionConfigurationPlatforms) = preSolution
		Debug|Any CPU = Debug|Any CPU
		Release|Any CPU = Release|Any CPU
	EndGlobalSection
	GlobalSection(ProjectConfigurationPlatforms) = postSolution
		{43699DBF-82FD-4568-9636-101D01200B42}.Debug|Any CPU.ActiveCfg = Debug|Any CPU
		{43699DBF-82FD-4568-9636-101D01200B42}.Debug|Any CPU.Build.0 = Debug|Any CPU
		{43699DBF-82FD-4568-9636-101D01200B42}.Release|Any CPU.ActiveCfg = Release|Any CPU
		{43699DBF-82FD-4568-9636-101D01200B42}.Release|Any CPU.Build.0 = Release|Any CPU
		{572F3880-F010-42B2-8E12-17C626885E9F}.Debug|Any CPU.ActiveCfg = Debug|Any CPU
		{572F3880-F010-42B2-8E12-17C626885E9F}.Debug|Any CPU.Build.0 = Debug|Any CPU
		{572F3880-F010-42B2-8E12-17C626885E9F}.Release|Any CPU.ActiveCfg = Release|Any CPU
		{572F3880-F010-42B2-8E12-17C626885E9F}.Release|Any CPU.Build.0 = Release|Any CPU
		{D01CB698-42D8-4BAD-ABC7-09BE49800679}.Debug|Any CPU.ActiveCfg = Debug|Any CPU
		{D01CB698-42D8-4BAD-ABC7-09BE49800679}.Debug|Any CPU.Build.0 = Debug|Any CPU
		{D01CB698-42D8-4BAD-ABC7-09BE49800679}.Release|Any CPU.ActiveCfg = Release|Any CPU
		{D01CB698-42D8-4BAD-ABC7-09BE49800679}.Release|Any CPU.Build.0 = Release|Any CPU
		{95520C9B-F80D-435A-A1B0-CB21F758445B}.Debug|Any CPU.ActiveCfg = Debug|Any CPU
		{95520C9B-F80D-435A-A1B0-CB21F758445B}.Debug|Any CPU.Build.0 = Debug|Any CPU
		{95520C9B-F80D-435A-A1B0-CB21F758445B}.Release|Any CPU.ActiveCfg = Release|Any CPU
		{95520C9B-F80D-435A-A1B0-CB21F758445B}.Release|Any CPU.Build.0 = Release|Any CPU
		{4725A74B-1C29-4627-B137-7E489F01A91E}.Debug|Any CPU.ActiveCfg = Debug|Any CPU
		{4725A74B-1C29-4627-B137-7E489F01A91E}.Debug|Any CPU.Build.0 = Debug|Any CPU
		{4725A74B-1C29-4627-B137-7E489F01A91E}.Release|Any CPU.ActiveCfg = Release|Any CPU
		{4725A74B-1C29-4627-B137-7E489F01A91E}.Release|Any CPU.Build.0 = Release|Any CPU
		{FEBAC057-E401-4300-9ADE-DEB5BCDB0B2F}.Debug|Any CPU.ActiveCfg = Debug|Any CPU
		{FEBAC057-E401-4300-9ADE-DEB5BCDB0B2F}.Debug|Any CPU.Build.0 = Debug|Any CPU
		{FEBAC057-E401-4300-9ADE-DEB5BCDB0B2F}.Release|Any CPU.ActiveCfg = Release|Any CPU
		{FEBAC057-E401-4300-9ADE-DEB5BCDB0B2F}.Release|Any CPU.Build.0 = Release|Any CPU
		{20674665-D6C0-47D6-8008-64FD977B79C7}.Debug|Any CPU.ActiveCfg = Debug|Any CPU
		{20674665-D6C0-47D6-8008-64FD977B79C7}.Debug|Any CPU.Build.0 = Debug|Any CPU
		{20674665-D6C0-47D6-8008-64FD977B79C7}.Release|Any CPU.ActiveCfg = Release|Any CPU
		{20674665-D6C0-47D6-8008-64FD977B79C7}.Release|Any CPU.Build.0 = Release|Any CPU
		{61DC8605-6CAD-4433-948E-56B465A26D5D}.Debug|Any CPU.ActiveCfg = Debug|Any CPU
		{61DC8605-6CAD-4433-948E-56B465A26D5D}.Debug|Any CPU.Build.0 = Debug|Any CPU
		{61DC8605-6CAD-4433-948E-56B465A26D5D}.Release|Any CPU.ActiveCfg = Release|Any CPU
		{61DC8605-6CAD-4433-948E-56B465A26D5D}.Release|Any CPU.Build.0 = Release|Any CPU
		{12E8007A-4B4E-4396-A0EB-BDD939E583F4}.Debug|Any CPU.ActiveCfg = Debug|Any CPU
		{12E8007A-4B4E-4396-A0EB-BDD939E583F4}.Debug|Any CPU.Build.0 = Debug|Any CPU
		{12E8007A-4B4E-4396-A0EB-BDD939E583F4}.Release|Any CPU.ActiveCfg = Release|Any CPU
		{12E8007A-4B4E-4396-A0EB-BDD939E583F4}.Release|Any CPU.Build.0 = Release|Any CPU
		{BB149DBE-4F55-447B-A58C-35197199C834}.Debug|Any CPU.ActiveCfg = Debug|Any CPU
		{BB149DBE-4F55-447B-A58C-35197199C834}.Debug|Any CPU.Build.0 = Debug|Any CPU
		{BB149DBE-4F55-447B-A58C-35197199C834}.Release|Any CPU.ActiveCfg = Release|Any CPU
		{BB149DBE-4F55-447B-A58C-35197199C834}.Release|Any CPU.Build.0 = Release|Any CPU
		{AF10F930-8026-4C99-BA4B-FCDD9C7DDA41}.Debug|Any CPU.ActiveCfg = Debug|Any CPU
		{AF10F930-8026-4C99-BA4B-FCDD9C7DDA41}.Debug|Any CPU.Build.0 = Debug|Any CPU
		{AF10F930-8026-4C99-BA4B-FCDD9C7DDA41}.Release|Any CPU.ActiveCfg = Release|Any CPU
		{AF10F930-8026-4C99-BA4B-FCDD9C7DDA41}.Release|Any CPU.Build.0 = Release|Any CPU
		{05065C57-EE9E-4289-BAFD-B11B1DBF35CF}.Debug|Any CPU.ActiveCfg = Debug|Any CPU
		{05065C57-EE9E-4289-BAFD-B11B1DBF35CF}.Debug|Any CPU.Build.0 = Debug|Any CPU
		{05065C57-EE9E-4289-BAFD-B11B1DBF35CF}.Release|Any CPU.ActiveCfg = Release|Any CPU
		{05065C57-EE9E-4289-BAFD-B11B1DBF35CF}.Release|Any CPU.Build.0 = Release|Any CPU
		{67310938-2304-452E-915E-9D6046E0998A}.Debug|Any CPU.ActiveCfg = Debug|Any CPU
		{67310938-2304-452E-915E-9D6046E0998A}.Debug|Any CPU.Build.0 = Debug|Any CPU
		{67310938-2304-452E-915E-9D6046E0998A}.Release|Any CPU.ActiveCfg = Release|Any CPU
		{67310938-2304-452E-915E-9D6046E0998A}.Release|Any CPU.Build.0 = Release|Any CPU
		{E1EC6F20-4B7F-4320-A18E-D405D84A850A}.Debug|Any CPU.ActiveCfg = Debug|Any CPU
		{E1EC6F20-4B7F-4320-A18E-D405D84A850A}.Debug|Any CPU.Build.0 = Debug|Any CPU
		{E1EC6F20-4B7F-4320-A18E-D405D84A850A}.Release|Any CPU.ActiveCfg = Release|Any CPU
		{E1EC6F20-4B7F-4320-A18E-D405D84A850A}.Release|Any CPU.Build.0 = Release|Any CPU
		{33A72701-BBD1-4E00-8FCE-519E02B66D4E}.Debug|Any CPU.ActiveCfg = Debug|Any CPU
		{33A72701-BBD1-4E00-8FCE-519E02B66D4E}.Debug|Any CPU.Build.0 = Debug|Any CPU
		{33A72701-BBD1-4E00-8FCE-519E02B66D4E}.Release|Any CPU.ActiveCfg = Release|Any CPU
		{33A72701-BBD1-4E00-8FCE-519E02B66D4E}.Release|Any CPU.Build.0 = Release|Any CPU
		{3C604DD7-C172-4A17-8A17-75B9A59F27A6}.Debug|Any CPU.ActiveCfg = Debug|Any CPU
		{3C604DD7-C172-4A17-8A17-75B9A59F27A6}.Debug|Any CPU.Build.0 = Debug|Any CPU
		{3C604DD7-C172-4A17-8A17-75B9A59F27A6}.Release|Any CPU.ActiveCfg = Release|Any CPU
		{3C604DD7-C172-4A17-8A17-75B9A59F27A6}.Release|Any CPU.Build.0 = Release|Any CPU
		{9C49E5DA-2C74-4B70-AB32-6691F91C5B37}.Debug|Any CPU.ActiveCfg = Debug|Any CPU
		{9C49E5DA-2C74-4B70-AB32-6691F91C5B37}.Debug|Any CPU.Build.0 = Debug|Any CPU
		{9C49E5DA-2C74-4B70-AB32-6691F91C5B37}.Release|Any CPU.ActiveCfg = Release|Any CPU
		{9C49E5DA-2C74-4B70-AB32-6691F91C5B37}.Release|Any CPU.Build.0 = Release|Any CPU
		{044DE341-433F-5702-4D82-2BB3FD3832E3}.Debug|Any CPU.ActiveCfg = Debug|Any CPU
		{044DE341-433F-5702-4D82-2BB3FD3832E3}.Debug|Any CPU.Build.0 = Debug|Any CPU
		{044DE341-433F-5702-4D82-2BB3FD3832E3}.Release|Any CPU.ActiveCfg = Release|Any CPU
		{044DE341-433F-5702-4D82-2BB3FD3832E3}.Release|Any CPU.Build.0 = Release|Any CPU
		{15ADFCBE-9B56-7B0A-7AE5-771D29B1F4C9}.Debug|Any CPU.ActiveCfg = Debug|Any CPU
		{15ADFCBE-9B56-7B0A-7AE5-771D29B1F4C9}.Debug|Any CPU.Build.0 = Debug|Any CPU
		{15ADFCBE-9B56-7B0A-7AE5-771D29B1F4C9}.Release|Any CPU.ActiveCfg = Release|Any CPU
		{15ADFCBE-9B56-7B0A-7AE5-771D29B1F4C9}.Release|Any CPU.Build.0 = Release|Any CPU
		{FEBF851F-917B-C45E-D2B8-7873FE9FDB40}.Debug|Any CPU.ActiveCfg = Debug|Any CPU
		{FEBF851F-917B-C45E-D2B8-7873FE9FDB40}.Debug|Any CPU.Build.0 = Debug|Any CPU
		{FEBF851F-917B-C45E-D2B8-7873FE9FDB40}.Release|Any CPU.ActiveCfg = Release|Any CPU
		{FEBF851F-917B-C45E-D2B8-7873FE9FDB40}.Release|Any CPU.Build.0 = Release|Any CPU
		{92C92FD4-253A-352A-CA1D-8ACA5E5F3868}.Debug|Any CPU.ActiveCfg = Debug|Any CPU
		{92C92FD4-253A-352A-CA1D-8ACA5E5F3868}.Debug|Any CPU.Build.0 = Debug|Any CPU
		{92C92FD4-253A-352A-CA1D-8ACA5E5F3868}.Release|Any CPU.ActiveCfg = Release|Any CPU
		{92C92FD4-253A-352A-CA1D-8ACA5E5F3868}.Release|Any CPU.Build.0 = Release|Any CPU
		{FABC0CC8-7E79-3D9B-8D56-17C4207BB104}.Debug|Any CPU.ActiveCfg = Debug|Any CPU
		{FABC0CC8-7E79-3D9B-8D56-17C4207BB104}.Debug|Any CPU.Build.0 = Debug|Any CPU
		{FABC0CC8-7E79-3D9B-8D56-17C4207BB104}.Release|Any CPU.ActiveCfg = Release|Any CPU
		{FABC0CC8-7E79-3D9B-8D56-17C4207BB104}.Release|Any CPU.Build.0 = Release|Any CPU
		{59C163FF-D6A9-4FEE-89A1-B05BC34D3078}.Debug|Any CPU.ActiveCfg = Debug|Any CPU
		{59C163FF-D6A9-4FEE-89A1-B05BC34D3078}.Debug|Any CPU.Build.0 = Debug|Any CPU
		{59C163FF-D6A9-4FEE-89A1-B05BC34D3078}.Release|Any CPU.ActiveCfg = Release|Any CPU
		{59C163FF-D6A9-4FEE-89A1-B05BC34D3078}.Release|Any CPU.Build.0 = Release|Any CPU
		{E6D26AFA-FD81-4D66-9FE6-EB77ED590F18}.Debug|Any CPU.ActiveCfg = Debug|Any CPU
		{E6D26AFA-FD81-4D66-9FE6-EB77ED590F18}.Debug|Any CPU.Build.0 = Debug|Any CPU
		{E6D26AFA-FD81-4D66-9FE6-EB77ED590F18}.Release|Any CPU.ActiveCfg = Release|Any CPU
		{E6D26AFA-FD81-4D66-9FE6-EB77ED590F18}.Release|Any CPU.Build.0 = Release|Any CPU
		{C70B2EA5-CA31-40F3-B94D-FE10273073B8}.Debug|Any CPU.ActiveCfg = Debug|Any CPU
		{C70B2EA5-CA31-40F3-B94D-FE10273073B8}.Debug|Any CPU.Build.0 = Debug|Any CPU
		{C70B2EA5-CA31-40F3-B94D-FE10273073B8}.Release|Any CPU.ActiveCfg = Release|Any CPU
		{C70B2EA5-CA31-40F3-B94D-FE10273073B8}.Release|Any CPU.Build.0 = Release|Any CPU
		{5E1C59BB-B492-47A6-8C58-314BC678BB3F}.Debug|Any CPU.ActiveCfg = Debug|Any CPU
		{5E1C59BB-B492-47A6-8C58-314BC678BB3F}.Debug|Any CPU.Build.0 = Debug|Any CPU
		{5E1C59BB-B492-47A6-8C58-314BC678BB3F}.Release|Any CPU.ActiveCfg = Release|Any CPU
		{5E1C59BB-B492-47A6-8C58-314BC678BB3F}.Release|Any CPU.Build.0 = Release|Any CPU
		{B90849BD-6967-49B0-B59F-CDB5EAD1B96C}.Debug|Any CPU.ActiveCfg = Debug|Any CPU
		{B90849BD-6967-49B0-B59F-CDB5EAD1B96C}.Debug|Any CPU.Build.0 = Debug|Any CPU
		{B90849BD-6967-49B0-B59F-CDB5EAD1B96C}.Release|Any CPU.ActiveCfg = Release|Any CPU
		{B90849BD-6967-49B0-B59F-CDB5EAD1B96C}.Release|Any CPU.Build.0 = Release|Any CPU
		{CD07EC6A-F5CE-4B15-9E11-90A0D114BC02}.Debug|Any CPU.ActiveCfg = Debug|Any CPU
		{CD07EC6A-F5CE-4B15-9E11-90A0D114BC02}.Debug|Any CPU.Build.0 = Debug|Any CPU
		{CD07EC6A-F5CE-4B15-9E11-90A0D114BC02}.Release|Any CPU.ActiveCfg = Release|Any CPU
		{CD07EC6A-F5CE-4B15-9E11-90A0D114BC02}.Release|Any CPU.Build.0 = Release|Any CPU
		{886179F5-22B3-44DA-B1EB-75939A60BB30}.Debug|Any CPU.ActiveCfg = Debug|Any CPU
		{886179F5-22B3-44DA-B1EB-75939A60BB30}.Debug|Any CPU.Build.0 = Debug|Any CPU
		{886179F5-22B3-44DA-B1EB-75939A60BB30}.Release|Any CPU.ActiveCfg = Release|Any CPU
		{886179F5-22B3-44DA-B1EB-75939A60BB30}.Release|Any CPU.Build.0 = Release|Any CPU
		{0E0EC7A4-5D36-4AF8-A7A6-ECF1A6729DF4}.Debug|Any CPU.ActiveCfg = Debug|Any CPU
		{0E0EC7A4-5D36-4AF8-A7A6-ECF1A6729DF4}.Debug|Any CPU.Build.0 = Debug|Any CPU
		{0E0EC7A4-5D36-4AF8-A7A6-ECF1A6729DF4}.Release|Any CPU.ActiveCfg = Release|Any CPU
		{0E0EC7A4-5D36-4AF8-A7A6-ECF1A6729DF4}.Release|Any CPU.Build.0 = Release|Any CPU
		{A7BC3118-665A-4C50-AF0F-B8BE577D3FC8}.Debug|Any CPU.ActiveCfg = Debug|Any CPU
		{A7BC3118-665A-4C50-AF0F-B8BE577D3FC8}.Debug|Any CPU.Build.0 = Debug|Any CPU
		{A7BC3118-665A-4C50-AF0F-B8BE577D3FC8}.Release|Any CPU.ActiveCfg = Release|Any CPU
		{A7BC3118-665A-4C50-AF0F-B8BE577D3FC8}.Release|Any CPU.Build.0 = Release|Any CPU
		{13AE6752-6448-4DB7-9174-9046F8D1FA80}.Debug|Any CPU.ActiveCfg = Debug|Any CPU
		{13AE6752-6448-4DB7-9174-9046F8D1FA80}.Debug|Any CPU.Build.0 = Debug|Any CPU
		{13AE6752-6448-4DB7-9174-9046F8D1FA80}.Release|Any CPU.ActiveCfg = Release|Any CPU
		{13AE6752-6448-4DB7-9174-9046F8D1FA80}.Release|Any CPU.Build.0 = Release|Any CPU
		{A70B655C-4C96-4414-8679-947B0619F55A}.Debug|Any CPU.ActiveCfg = Debug|Any CPU
		{A70B655C-4C96-4414-8679-947B0619F55A}.Debug|Any CPU.Build.0 = Debug|Any CPU
		{A70B655C-4C96-4414-8679-947B0619F55A}.Release|Any CPU.ActiveCfg = Release|Any CPU
		{A70B655C-4C96-4414-8679-947B0619F55A}.Release|Any CPU.Build.0 = Release|Any CPU
		{F8FBDBF2-C37B-433D-9120-D4EEF27C5756}.Debug|Any CPU.ActiveCfg = Debug|Any CPU
		{F8FBDBF2-C37B-433D-9120-D4EEF27C5756}.Debug|Any CPU.Build.0 = Debug|Any CPU
		{F8FBDBF2-C37B-433D-9120-D4EEF27C5756}.Release|Any CPU.ActiveCfg = Release|Any CPU
		{F8FBDBF2-C37B-433D-9120-D4EEF27C5756}.Release|Any CPU.Build.0 = Release|Any CPU
		{7BF14F7D-8FE8-4F39-90A0-DC1E7FE55DD1}.Debug|Any CPU.ActiveCfg = Debug|Any CPU
		{7BF14F7D-8FE8-4F39-90A0-DC1E7FE55DD1}.Debug|Any CPU.Build.0 = Debug|Any CPU
		{7BF14F7D-8FE8-4F39-90A0-DC1E7FE55DD1}.Release|Any CPU.ActiveCfg = Release|Any CPU
		{7BF14F7D-8FE8-4F39-90A0-DC1E7FE55DD1}.Release|Any CPU.Build.0 = Release|Any CPU
		{8541A17D-3C8C-4E30-B4AD-DB0EAC9B0F60}.Debug|Any CPU.ActiveCfg = Debug|Any CPU
		{8541A17D-3C8C-4E30-B4AD-DB0EAC9B0F60}.Debug|Any CPU.Build.0 = Debug|Any CPU
		{8541A17D-3C8C-4E30-B4AD-DB0EAC9B0F60}.Release|Any CPU.ActiveCfg = Release|Any CPU
		{8541A17D-3C8C-4E30-B4AD-DB0EAC9B0F60}.Release|Any CPU.Build.0 = Release|Any CPU
		{131E156D-17C5-4F53-9293-59D9BB55A670}.Debug|Any CPU.ActiveCfg = Debug|Any CPU
		{131E156D-17C5-4F53-9293-59D9BB55A670}.Debug|Any CPU.Build.0 = Debug|Any CPU
		{131E156D-17C5-4F53-9293-59D9BB55A670}.Release|Any CPU.ActiveCfg = Release|Any CPU
		{131E156D-17C5-4F53-9293-59D9BB55A670}.Release|Any CPU.Build.0 = Release|Any CPU
		{C449B512-839A-4DAE-81DA-CE930EFB81D7}.Debug|Any CPU.ActiveCfg = Debug|Any CPU
		{C449B512-839A-4DAE-81DA-CE930EFB81D7}.Debug|Any CPU.Build.0 = Debug|Any CPU
		{C449B512-839A-4DAE-81DA-CE930EFB81D7}.Release|Any CPU.ActiveCfg = Release|Any CPU
		{C449B512-839A-4DAE-81DA-CE930EFB81D7}.Release|Any CPU.Build.0 = Release|Any CPU
		{243AD210-4FA5-4481-AA00-E60CF331A0FA}.Debug|Any CPU.ActiveCfg = Debug|Any CPU
		{243AD210-4FA5-4481-AA00-E60CF331A0FA}.Debug|Any CPU.Build.0 = Debug|Any CPU
		{243AD210-4FA5-4481-AA00-E60CF331A0FA}.Release|Any CPU.ActiveCfg = Release|Any CPU
		{243AD210-4FA5-4481-AA00-E60CF331A0FA}.Release|Any CPU.Build.0 = Release|Any CPU
		{6A19F84D-3775-4068-8D0B-D018C63BED6C}.Debug|Any CPU.ActiveCfg = Debug|Any CPU
		{6A19F84D-3775-4068-8D0B-D018C63BED6C}.Debug|Any CPU.Build.0 = Debug|Any CPU
		{6A19F84D-3775-4068-8D0B-D018C63BED6C}.Release|Any CPU.ActiveCfg = Release|Any CPU
		{6A19F84D-3775-4068-8D0B-D018C63BED6C}.Release|Any CPU.Build.0 = Release|Any CPU
	EndGlobalSection
	GlobalSection(SolutionProperties) = preSolution
		HideSolutionNode = FALSE
	EndGlobalSection
	GlobalSection(NestedProjects) = preSolution
		{044DE341-433F-5702-4D82-2BB3FD3832E3} = {02EA681E-C7D8-13C7-8484-4AC65E1B71E8}
		{15ADFCBE-9B56-7B0A-7AE5-771D29B1F4C9} = {02EA681E-C7D8-13C7-8484-4AC65E1B71E8}
		{FEBF851F-917B-C45E-D2B8-7873FE9FDB40} = {02EA681E-C7D8-13C7-8484-4AC65E1B71E8}
		{92C92FD4-253A-352A-CA1D-8ACA5E5F3868} = {02EA681E-C7D8-13C7-8484-4AC65E1B71E8}
		{FABC0CC8-7E79-3D9B-8D56-17C4207BB104} = {02EA681E-C7D8-13C7-8484-4AC65E1B71E8}
		{59C163FF-D6A9-4FEE-89A1-B05BC34D3078} = {02EA681E-C7D8-13C7-8484-4AC65E1B71E8}
		{E6D26AFA-FD81-4D66-9FE6-EB77ED590F18} = {6099BC6B-02A6-4EB9-A5B8-E7E1D1964D58}
		{C70B2EA5-CA31-40F3-B94D-FE10273073B8} = {6099BC6B-02A6-4EB9-A5B8-E7E1D1964D58}
		{5E1C59BB-B492-47A6-8C58-314BC678BB3F} = {6099BC6B-02A6-4EB9-A5B8-E7E1D1964D58}
		{B90849BD-6967-49B0-B59F-CDB5EAD1B96C} = {6099BC6B-02A6-4EB9-A5B8-E7E1D1964D58}
		{CD07EC6A-F5CE-4B15-9E11-90A0D114BC02} = {6099BC6B-02A6-4EB9-A5B8-E7E1D1964D58}
		{886179F5-22B3-44DA-B1EB-75939A60BB30} = {A68CB01B-B93E-4FA8-8635-19CDD8A3A65D}
		{0E0EC7A4-5D36-4AF8-A7A6-ECF1A6729DF4} = {A68CB01B-B93E-4FA8-8635-19CDD8A3A65D}
		{A7BC3118-665A-4C50-AF0F-B8BE577D3FC8} = {A68CB01B-B93E-4FA8-8635-19CDD8A3A65D}
		{13AE6752-6448-4DB7-9174-9046F8D1FA80} = {A68CB01B-B93E-4FA8-8635-19CDD8A3A65D}
		{A70B655C-4C96-4414-8679-947B0619F55A} = {A68CB01B-B93E-4FA8-8635-19CDD8A3A65D}
		{F8FBDBF2-C37B-433D-9120-D4EEF27C5756} = {6466B63A-DBA6-4865-812E-6C8488BA7F02}
		{7BF14F7D-8FE8-4F39-90A0-DC1E7FE55DD1} = {6466B63A-DBA6-4865-812E-6C8488BA7F02}
		{8541A17D-3C8C-4E30-B4AD-DB0EAC9B0F60} = {6466B63A-DBA6-4865-812E-6C8488BA7F02}
		{131E156D-17C5-4F53-9293-59D9BB55A670} = {6466B63A-DBA6-4865-812E-6C8488BA7F02}
		{C449B512-839A-4DAE-81DA-CE930EFB81D7} = {6466B63A-DBA6-4865-812E-6C8488BA7F02}
		{243AD210-4FA5-4481-AA00-E60CF331A0FA} = {CA193BDF-E9DC-491C-BE59-15E06C6C0F0E}
		{6A19F84D-3775-4068-8D0B-D018C63BED6C} = {1F17B9F4-76BF-480E-804A-FDD604150B56}
	EndGlobalSection
	GlobalSection(ExtensibilityGlobals) = postSolution
		SolutionGuid = {6A422A82-53EE-4319-B321-9D1F1945D1F6}
	EndGlobalSection
EndGlobal
